
Microsoft Visual Studio Solution File, Format Version 12.00
# Visual Studio Version 16
VisualStudioVersion = 16.0.28803.156
MinimumVisualStudioVersion = 10.0.40219.1
Project("{9A19103F-16F7-4668-BE54-9A1E7A4F7556}") = "CodeMania.Core", "CodeMania.Core\CodeMania.Core.csproj", "{5B95838B-BA9B-4408-A7AB-B5EF2A483566}"
EndProject
Project("{9A19103F-16F7-4668-BE54-9A1E7A4F7556}") = "CodeMania.TestData", "CodeMania.TestData\CodeMania.TestData.csproj", "{DCE67293-B584-47CE-B11C-1AF33168DCD5}"
EndProject
Project("{9A19103F-16F7-4668-BE54-9A1E7A4F7556}") = "CodeMania.Core.Benchmarks", "CodeMania.Core.Benchmarks\CodeMania.Core.Benchmarks.csproj", "{2EB830DE-632B-4948-B50F-6816EBF4BFE4}"
EndProject
Project("{FAE04EC0-301F-11D3-BF4B-00C04F79EFBC}") = "CodeMania.Core.UnitTests", "CodeMania.Core.UnitTests\CodeMania.Core.UnitTests.csproj", "{9486E037-D121-49C1-B5C6-E0F2679F86E1}"
EndProject
Project("{9A19103F-16F7-4668-BE54-9A1E7A4F7556}") = "CodeMania.Core.Serialization", "CodeMania.Core.Serialization\CodeMania.Core.Serialization.csproj", "{FF72237C-5346-46A9-B2EA-9C0A8F0CF7E4}"
EndProject
Project("{9A19103F-16F7-4668-BE54-9A1E7A4F7556}") = "CodeMania.Core.Serialization.UnitTests", "CodeMania.Core.Serialization.UnitTests\CodeMania.Core.Serialization.UnitTests.csproj", "{90ED9D95-B5FF-46D8-9315-311D4A1C8602}"
EndProject
Project("{FAE04EC0-301F-11D3-BF4B-00C04F79EFBC}") = "CodeMania.FastLinq", "CodeMania.FastLinq\CodeMania.FastLinq.csproj", "{F4D721D6-5C87-4B73-807C-0FB80C4CC04E}"
EndProject
Global
	GlobalSection(SolutionConfigurationPlatforms) = preSolution
		Debug|Any CPU = Debug|Any CPU
		Release|Any CPU = Release|Any CPU
	EndGlobalSection
	GlobalSection(ProjectConfigurationPlatforms) = postSolution
		{5B95838B-BA9B-4408-A7AB-B5EF2A483566}.Debug|Any CPU.ActiveCfg = Debug|Any CPU
		{5B95838B-BA9B-4408-A7AB-B5EF2A483566}.Debug|Any CPU.Build.0 = Debug|Any CPU
		{5B95838B-BA9B-4408-A7AB-B5EF2A483566}.Release|Any CPU.ActiveCfg = Release|Any CPU
		{5B95838B-BA9B-4408-A7AB-B5EF2A483566}.Release|Any CPU.Build.0 = Release|Any CPU
		{DCE67293-B584-47CE-B11C-1AF33168DCD5}.Debug|Any CPU.ActiveCfg = Debug|Any CPU
		{DCE67293-B584-47CE-B11C-1AF33168DCD5}.Debug|Any CPU.Build.0 = Debug|Any CPU
		{DCE67293-B584-47CE-B11C-1AF33168DCD5}.Release|Any CPU.ActiveCfg = Release|Any CPU
		{DCE67293-B584-47CE-B11C-1AF33168DCD5}.Release|Any CPU.Build.0 = Release|Any CPU
		{2EB830DE-632B-4948-B50F-6816EBF4BFE4}.Debug|Any CPU.ActiveCfg = Debug|Any CPU
		{2EB830DE-632B-4948-B50F-6816EBF4BFE4}.Debug|Any CPU.Build.0 = Debug|Any CPU
		{2EB830DE-632B-4948-B50F-6816EBF4BFE4}.Release|Any CPU.ActiveCfg = Release|Any CPU
		{2EB830DE-632B-4948-B50F-6816EBF4BFE4}.Release|Any CPU.Build.0 = Release|Any CPU
		{9486E037-D121-49C1-B5C6-E0F2679F86E1}.Debug|Any CPU.ActiveCfg = Debug|Any CPU
		{9486E037-D121-49C1-B5C6-E0F2679F86E1}.Debug|Any CPU.Build.0 = Debug|Any CPU
		{9486E037-D121-49C1-B5C6-E0F2679F86E1}.Release|Any CPU.ActiveCfg = Release|Any CPU
		{9486E037-D121-49C1-B5C6-E0F2679F86E1}.Release|Any CPU.Build.0 = Release|Any CPU
		{FF72237C-5346-46A9-B2EA-9C0A8F0CF7E4}.Debug|Any CPU.ActiveCfg = Debug|Any CPU
		{FF72237C-5346-46A9-B2EA-9C0A8F0CF7E4}.Debug|Any CPU.Build.0 = Debug|Any CPU
		{FF72237C-5346-46A9-B2EA-9C0A8F0CF7E4}.Release|Any CPU.ActiveCfg = Release|Any CPU
		{FF72237C-5346-46A9-B2EA-9C0A8F0CF7E4}.Release|Any CPU.Build.0 = Release|Any CPU
		{90ED9D95-B5FF-46D8-9315-311D4A1C8602}.Debug|Any CPU.ActiveCfg = Debug|Any CPU
		{90ED9D95-B5FF-46D8-9315-311D4A1C8602}.Debug|Any CPU.Build.0 = Debug|Any CPU
		{90ED9D95-B5FF-46D8-9315-311D4A1C8602}.Release|Any CPU.ActiveCfg = Release|Any CPU
		{90ED9D95-B5FF-46D8-9315-311D4A1C8602}.Release|Any CPU.Build.0 = Release|Any CPU
		{F4D721D6-5C87-4B73-807C-0FB80C4CC04E}.Debug|Any CPU.ActiveCfg = Debug|Any CPU
		{F4D721D6-5C87-4B73-807C-0FB80C4CC04E}.Debug|Any CPU.Build.0 = Debug|Any CPU
		{F4D721D6-5C87-4B73-807C-0FB80C4CC04E}.Release|Any CPU.ActiveCfg = Release|Any CPU
		{F4D721D6-5C87-4B73-807C-0FB80C4CC04E}.Release|Any CPU.Build.0 = Release|Any CPU
	EndGlobalSection
	GlobalSection(SolutionProperties) = preSolution
		HideSolutionNode = FALSE
	EndGlobalSection
	GlobalSection(ExtensibilityGlobals) = postSolution
		SolutionGuid = {EEF793BA-2168-4FE2-BCB4-81C70DC84522}
	EndGlobalSection
EndGlobal
